
Microsoft Visual Studio Solution File, Format Version 12.00
# Visual Studio Version 17
VisualStudioVersion = 17.8.34330.188
MinimumVisualStudioVersion = 10.0.40219.1
Project("{FAE04EC0-301F-11D3-BF4B-00C04F79EFBC}") = "HelloWorld", "HelloWorld\HelloWorld.csproj", "{307080DB-A9BF-4073-B600-3C8382B20966}"
EndProject
Global
	GlobalSection(SolutionConfigurationPlatforms) = preSolution
		Debug|Any CPU = Debug|Any CPU
		Release|Any CPU = Release|Any CPU
	EndGlobalSection
	GlobalSection(ProjectConfigurationPlatforms) = postSolution
		{307080DB-A9BF-4073-B600-3C8382B20966}.Debug|Any CPU.ActiveCfg = Debug|Any CPU
		{307080DB-A9BF-4073-B600-3C8382B20966}.Debug|Any CPU.Build.0 = Debug|Any CPU
		{307080DB-A9BF-4073-B600-3C8382B20966}.Release|Any CPU.ActiveCfg = Release|Any CPU
		{307080DB-A9BF-4073-B600-3C8382B20966}.Release|Any CPU.Build.0 = Release|Any CPU
	EndGlobalSection
	GlobalSection(SolutionProperties) = preSolution
		HideSolutionNode = FALSE
	EndGlobalSection
	GlobalSection(ExtensibilityGlobals) = postSolution
		SolutionGuid = {DF91A566-2100-4004-A278-B76565E10F2C}
	EndGlobalSection
EndGlobal
